
Microsoft Visual Studio Solution File, Format Version 12.00
# Visual Studio 15
VisualStudioVersion = 15.0.28307.421
MinimumVisualStudioVersion = 10.0.40219.1
Project("{FAE04EC0-301F-11D3-BF4B-00C04F79EFBC}") = "DongTien.ServerApp", "DongTien.ServerApp\DongTien.ServerApp.csproj", "{4DA435FE-ACA3-4A44-BE05-A8597613B72C}"
EndProject
Project("{FAE04EC0-301F-11D3-BF4B-00C04F79EFBC}") = "DongTien.Common", "DongTien.Common\DongTien.Common.csproj", "{EE88D55E-10DD-4907-B873-752CAB6B2099}"
EndProject
Project("{FAE04EC0-301F-11D3-BF4B-00C04F79EFBC}") = "DongTien.ClientApp", "DongTien.ClientApp\DongTien.ClientApp.csproj", "{EF904E08-B278-4629-985F-49E4026CD491}"
EndProject
Global
	GlobalSection(SolutionConfigurationPlatforms) = preSolution
		Debug|Any CPU = Debug|Any CPU
		Release|Any CPU = Release|Any CPU
	EndGlobalSection
	GlobalSection(ProjectConfigurationPlatforms) = postSolution
		{4DA435FE-ACA3-4A44-BE05-A8597613B72C}.Debug|Any CPU.ActiveCfg = Debug|Any CPU
		{4DA435FE-ACA3-4A44-BE05-A8597613B72C}.Debug|Any CPU.Build.0 = Debug|Any CPU
		{4DA435FE-ACA3-4A44-BE05-A8597613B72C}.Release|Any CPU.ActiveCfg = Release|Any CPU
		{4DA435FE-ACA3-4A44-BE05-A8597613B72C}.Release|Any CPU.Build.0 = Release|Any CPU
		{EE88D55E-10DD-4907-B873-752CAB6B2099}.Debug|Any CPU.ActiveCfg = Debug|Any CPU
		{EE88D55E-10DD-4907-B873-752CAB6B2099}.Debug|Any CPU.Build.0 = Debug|Any CPU
		{EE88D55E-10DD-4907-B873-752CAB6B2099}.Release|Any CPU.ActiveCfg = Release|Any CPU
		{EE88D55E-10DD-4907-B873-752CAB6B2099}.Release|Any CPU.Build.0 = Release|Any CPU
		{EF904E08-B278-4629-985F-49E4026CD491}.Debug|Any CPU.ActiveCfg = Debug|Any CPU
		{EF904E08-B278-4629-985F-49E4026CD491}.Debug|Any CPU.Build.0 = Debug|Any CPU
		{EF904E08-B278-4629-985F-49E4026CD491}.Release|Any CPU.ActiveCfg = Release|Any CPU
		{EF904E08-B278-4629-985F-49E4026CD491}.Release|Any CPU.Build.0 = Release|Any CPU
	EndGlobalSection
	GlobalSection(SolutionProperties) = preSolution
		HideSolutionNode = FALSE
	EndGlobalSection
	GlobalSection(ExtensibilityGlobals) = postSolution
		SolutionGuid = {43743E43-A206-43EA-A94E-BBA4856D0AB3}
	EndGlobalSection
EndGlobal
